// !$*UTF8*$!
{
	archiveVersion = 1;
	classes = {
	};
	objectVersion = 56;
	objects = {

/* Begin PBXBuildFile section */
		D4E5960C29EA489900A56DAD /* AppDelegate.swift in Sources */ = {isa = PBXBuildFile; fileRef = D4E5960B29EA489900A56DAD /* AppDelegate.swift */; };
		D4E5960E29EA489900A56DAD /* SceneDelegate.swift in Sources */ = {isa = PBXBuildFile; fileRef = D4E5960D29EA489900A56DAD /* SceneDelegate.swift */; };
		D4E5961029EA489900A56DAD /* ViewController.swift in Sources */ = {isa = PBXBuildFile; fileRef = D4E5960F29EA489900A56DAD /* ViewController.swift */; };
		D4E5961329EA489900A56DAD /* Main.storyboard in Resources */ = {isa = PBXBuildFile; fileRef = D4E5961129EA489900A56DAD /* Main.storyboard */; };
		D4E5961529EA489E00A56DAD /* Assets.xcassets in Resources */ = {isa = PBXBuildFile; fileRef = D4E5961429EA489E00A56DAD /* Assets.xcassets */; };
		D4E5961829EA489E00A56DAD /* LaunchScreen.storyboard in Resources */ = {isa = PBXBuildFile; fileRef = D4E5961629EA489E00A56DAD /* LaunchScreen.storyboard */; };
		D4E5962629EA492700A56DAD /* Constants.swift in Sources */ = {isa = PBXBuildFile; fileRef = D4E5962529EA492700A56DAD /* Constants.swift */; };
		D4E5962829EA49D400A56DAD /* HttpRequestHelper.swift in Sources */ = {isa = PBXBuildFile; fileRef = D4E5962729EA49D400A56DAD /* HttpRequestHelper.swift */; };
		D4E5962A29EA4A1E00A56DAD /* WeatherServices.swift in Sources */ = {isa = PBXBuildFile; fileRef = D4E5962929EA4A1E00A56DAD /* WeatherServices.swift */; };
		D4E5962C29EA4AB900A56DAD /* ModelList.swift in Sources */ = {isa = PBXBuildFile; fileRef = D4E5962B29EA4AB900A56DAD /* ModelList.swift */; };
		D4E5962E29EA4BD500A56DAD /* LocationWeatherViewModel.swift in Sources */ = {isa = PBXBuildFile; fileRef = D4E5962D29EA4BD500A56DAD /* LocationWeatherViewModel.swift */; };
		D4E5963029EAC93E00A56DAD /* DetailsTableViewCell.swift in Sources */ = {isa = PBXBuildFile; fileRef = D4E5962F29EAC93E00A56DAD /* DetailsTableViewCell.swift */; };
/* End PBXBuildFile section */

/* Begin PBXFileReference section */
		D4E5960829EA489900A56DAD /* WeatherReport.app */ = {isa = PBXFileReference; explicitFileType = wrapper.application; includeInIndex = 0; path = WeatherReport.app; sourceTree = BUILT_PRODUCTS_DIR; };
		D4E5960B29EA489900A56DAD /* AppDelegate.swift */ = {isa = PBXFileReference; lastKnownFileType = sourcecode.swift; path = AppDelegate.swift; sourceTree = "<group>"; };
		D4E5960D29EA489900A56DAD /* SceneDelegate.swift */ = {isa = PBXFileReference; lastKnownFileType = sourcecode.swift; path = SceneDelegate.swift; sourceTree = "<group>"; };
		D4E5960F29EA489900A56DAD /* ViewController.swift */ = {isa = PBXFileReference; lastKnownFileType = sourcecode.swift; path = ViewController.swift; sourceTree = "<group>"; };
		D4E5961229EA489900A56DAD /* Base */ = {isa = PBXFileReference; lastKnownFileType = file.storyboard; name = Base; path = Base.lproj/Main.storyboard; sourceTree = "<group>"; };
		D4E5961429EA489E00A56DAD /* Assets.xcassets */ = {isa = PBXFileReference; lastKnownFileType = folder.assetcatalog; path = Assets.xcassets; sourceTree = "<group>"; };
		D4E5961729EA489E00A56DAD /* Base */ = {isa = PBXFileReference; lastKnownFileType = file.storyboard; name = Base; path = Base.lproj/LaunchScreen.storyboard; sourceTree = "<group>"; };
		D4E5961929EA489E00A56DAD /* Info.plist */ = {isa = PBXFileReference; lastKnownFileType = text.plist.xml; path = Info.plist; sourceTree = "<group>"; };
		D4E5962529EA492700A56DAD /* Constants.swift */ = {isa = PBXFileReference; lastKnownFileType = sourcecode.swift; path = Constants.swift; sourceTree = "<group>"; };
		D4E5962729EA49D400A56DAD /* HttpRequestHelper.swift */ = {isa = PBXFileReference; lastKnownFileType = sourcecode.swift; path = HttpRequestHelper.swift; sourceTree = "<group>"; };
		D4E5962929EA4A1E00A56DAD /* WeatherServices.swift */ = {isa = PBXFileReference; lastKnownFileType = sourcecode.swift; path = WeatherServices.swift; sourceTree = "<group>"; };
		D4E5962B29EA4AB900A56DAD /* ModelList.swift */ = {isa = PBXFileReference; lastKnownFileType = sourcecode.swift; path = ModelList.swift; sourceTree = "<group>"; };
		D4E5962D29EA4BD500A56DAD /* LocationWeatherViewModel.swift */ = {isa = PBXFileReference; lastKnownFileType = sourcecode.swift; path = LocationWeatherViewModel.swift; sourceTree = "<group>"; };
		D4E5962F29EAC93E00A56DAD /* DetailsTableViewCell.swift */ = {isa = PBXFileReference; lastKnownFileType = sourcecode.swift; path = DetailsTableViewCell.swift; sourceTree = "<group>"; };
/* End PBXFileReference section */

/* Begin PBXFrameworksBuildPhase section */
		D4E5960529EA489900A56DAD /* Frameworks */ = {
			isa = PBXFrameworksBuildPhase;
			buildActionMask = 2147483647;
			files = (
			);
			runOnlyForDeploymentPostprocessing = 0;
		};
/* End PBXFrameworksBuildPhase section */

/* Begin PBXGroup section */
		D4E595FF29EA489900A56DAD = {
			isa = PBXGroup;
			children = (
				D4E5960A29EA489900A56DAD /* WeatherReport */,
				D4E5960929EA489900A56DAD /* Products */,
			);
			sourceTree = "<group>";
		};
		D4E5960929EA489900A56DAD /* Products */ = {
			isa = PBXGroup;
			children = (
				D4E5960829EA489900A56DAD /* WeatherReport.app */,
			);
			name = Products;
			sourceTree = "<group>";
		};
		D4E5960A29EA489900A56DAD /* WeatherReport */ = {
			isa = PBXGroup;
			children = (
				D4E5960B29EA489900A56DAD /* AppDelegate.swift */,
				D4E5960D29EA489900A56DAD /* SceneDelegate.swift */,
				D4E5962429EA490D00A56DAD /* Constants */,
				D4E5962329EA490000A56DAD /* Services */,
				D4E5962229EA48F500A56DAD /* Models */,
				D4E5962129EA48D800A56DAD /* ViewModel */,
				D4E5961F29EA48B700A56DAD /* Controllers */,
				D4E5961129EA489900A56DAD /* Main.storyboard */,
				D4E5961429EA489E00A56DAD /* Assets.xcassets */,
				D4E5961629EA489E00A56DAD /* LaunchScreen.storyboard */,
				D4E5961929EA489E00A56DAD /* Info.plist */,
			);
			path = WeatherReport;
			sourceTree = "<group>";
		};
		D4E5961F29EA48B700A56DAD /* Controllers */ = {
			isa = PBXGroup;
			children = (
				D4E5960F29EA489900A56DAD /* ViewController.swift */,
				D4E5962F29EAC93E00A56DAD /* DetailsTableViewCell.swift */,
			);
			path = Controllers;
			sourceTree = "<group>";
		};
		D4E5962129EA48D800A56DAD /* ViewModel */ = {
			isa = PBXGroup;
			children = (
				D4E5962D29EA4BD500A56DAD /* LocationWeatherViewModel.swift */,
			);
			path = ViewModel;
			sourceTree = "<group>";
		};
		D4E5962229EA48F500A56DAD /* Models */ = {
			isa = PBXGroup;
			children = (
				D4E5962B29EA4AB900A56DAD /* ModelList.swift */,
			);
			path = Models;
			sourceTree = "<group>";
		};
		D4E5962329EA490000A56DAD /* Services */ = {
			isa = PBXGroup;
			children = (
				D4E5962729EA49D400A56DAD /* HttpRequestHelper.swift */,
				D4E5962929EA4A1E00A56DAD /* WeatherServices.swift */,
			);
			path = Services;
			sourceTree = "<group>";
		};
		D4E5962429EA490D00A56DAD /* Constants */ = {
			isa = PBXGroup;
			children = (
				D4E5962529EA492700A56DAD /* Constants.swift */,
			);
			path = Constants;
			sourceTree = "<group>";
		};
/* End PBXGroup section */

/* Begin PBXNativeTarget section */
		D4E5960729EA489900A56DAD /* WeatherReport */ = {
			isa = PBXNativeTarget;
			buildConfigurationList = D4E5961C29EA489E00A56DAD /* Build configuration list for PBXNativeTarget "WeatherReport" */;
			buildPhases = (
				D4E5960429EA489900A56DAD /* Sources */,
				D4E5960529EA489900A56DAD /* Frameworks */,
				D4E5960629EA489900A56DAD /* Resources */,
			);
			buildRules = (
			);
			dependencies = (
			);
			name = WeatherReport;
			productName = WeatherReport;
			productReference = D4E5960829EA489900A56DAD /* WeatherReport.app */;
			productType = "com.apple.product-type.application";
		};
/* End PBXNativeTarget section */

/* Begin PBXProject section */
		D4E5960029EA489900A56DAD /* Project object */ = {
			isa = PBXProject;
			attributes = {
				BuildIndependentTargetsInParallel = 1;
				LastSwiftUpdateCheck = 1430;
				LastUpgradeCheck = 1430;
				TargetAttributes = {
					D4E5960729EA489900A56DAD = {
						CreatedOnToolsVersion = 14.3;
					};
				};
			};
			buildConfigurationList = D4E5960329EA489900A56DAD /* Build configuration list for PBXProject "WeatherReport" */;
			compatibilityVersion = "Xcode 14.0";
			developmentRegion = en;
			hasScannedForEncodings = 0;
			knownRegions = (
				en,
				Base,
			);
			mainGroup = D4E595FF29EA489900A56DAD;
			productRefGroup = D4E5960929EA489900A56DAD /* Products */;
			projectDirPath = "";
			projectRoot = "";
			targets = (
				D4E5960729EA489900A56DAD /* WeatherReport */,
			);
		};
/* End PBXProject section */

/* Begin PBXResourcesBuildPhase section */
		D4E5960629EA489900A56DAD /* Resources */ = {
			isa = PBXResourcesBuildPhase;
			buildActionMask = 2147483647;
			files = (
				D4E5961829EA489E00A56DAD /* LaunchScreen.storyboard in Resources */,
				D4E5961529EA489E00A56DAD /* Assets.xcassets in Resources */,
				D4E5961329EA489900A56DAD /* Main.storyboard in Resources */,
			);
			runOnlyForDeploymentPostprocessing = 0;
		};
/* End PBXResourcesBuildPhase section */

/* Begin PBXSourcesBuildPhase section */
		D4E5960429EA489900A56DAD /* Sources */ = {
			isa = PBXSourcesBuildPhase;
			buildActionMask = 2147483647;
			files = (
				D4E5962A29EA4A1E00A56DAD /* WeatherServices.swift in Sources */,
				D4E5962829EA49D400A56DAD /* HttpRequestHelper.swift in Sources */,
				D4E5961029EA489900A56DAD /* ViewController.swift in Sources */,
				D4E5963029EAC93E00A56DAD /* DetailsTableViewCell.swift in Sources */,
				D4E5960C29EA489900A56DAD /* AppDelegate.swift in Sources */,
				D4E5962C29EA4AB900A56DAD /* ModelList.swift in Sources */,
				D4E5960E29EA489900A56DAD /* SceneDelegate.swift in Sources */,
				D4E5962E29EA4BD500A56DAD /* LocationWeatherViewModel.swift in Sources */,
				D4E5962629EA492700A56DAD /* Constants.swift in Sources */,
			);
			runOnlyForDeploymentPostprocessing = 0;
		};
/* End PBXSourcesBuildPhase section */

/* Begin PBXVariantGroup section */
		D4E5961129EA489900A56DAD /* Main.storyboard */ = {
			isa = PBXVariantGroup;
			children = (
				D4E5961229EA489900A56DAD /* Base */,
			);
			name = Main.storyboard;
			sourceTree = "<group>";
		};
		D4E5961629EA489E00A56DAD /* LaunchScreen.storyboard */ = {
			isa = PBXVariantGroup;
			children = (
				D4E5961729EA489E00A56DAD /* Base */,
			);
			name = LaunchScreen.storyboard;
			sourceTree = "<group>";
		};
/* End PBXVariantGroup section */

/* Begin XCBuildConfiguration section */
		D4E5961A29EA489E00A56DAD /* Debug */ = {
			isa = XCBuildConfiguration;
			buildSettings = {
				ALWAYS_SEARCH_USER_PATHS = NO;
				CLANG_ANALYZER_NONNULL = YES;
				CLANG_ANALYZER_NUMBER_OBJECT_CONVERSION = YES_AGGRESSIVE;
				CLANG_CXX_LANGUAGE_STANDARD = "gnu++20";
				CLANG_ENABLE_MODULES = YES;
				CLANG_ENABLE_OBJC_ARC = YES;
				CLANG_ENABLE_OBJC_WEAK = YES;
				CLANG_WARN_BLOCK_CAPTURE_AUTORELEASING = YES;
				CLANG_WARN_BOOL_CONVERSION = YES;
				CLANG_WARN_COMMA = YES;
				CLANG_WARN_CONSTANT_CONVERSION = YES;
				CLANG_WARN_DEPRECATED_OBJC_IMPLEMENTATIONS = YES;
				CLANG_WARN_DIRECT_OBJC_ISA_USAGE = YES_ERROR;
				CLANG_WARN_DOCUMENTATION_COMMENTS = YES;
				CLANG_WARN_EMPTY_BODY = YES;
				CLANG_WARN_ENUM_CONVERSION = YES;
				CLANG_WARN_INFINITE_RECURSION = YES;
				CLANG_WARN_INT_CONVERSION = YES;
				CLANG_WARN_NON_LITERAL_NULL_CONVERSION = YES;
				CLANG_WARN_OBJC_IMPLICIT_RETAIN_SELF = YES;
				CLANG_WARN_OBJC_LITERAL_CONVERSION = YES;
				CLANG_WARN_OBJC_ROOT_CLASS = YES_ERROR;
				CLANG_WARN_QUOTED_INCLUDE_IN_FRAMEWORK_HEADER = YES;
				CLANG_WARN_RANGE_LOOP_ANALYSIS = YES;
				CLANG_WARN_STRICT_PROTOTYPES = YES;
				CLANG_WARN_SUSPICIOUS_MOVE = YES;
				CLANG_WARN_UNGUARDED_AVAILABILITY = YES_AGGRESSIVE;
				CLANG_WARN_UNREACHABLE_CODE = YES;
				CLANG_WARN__DUPLICATE_METHOD_MATCH = YES;
				COPY_PHASE_STRIP = NO;
				DEBUG_INFORMATION_FORMAT = dwarf;
				ENABLE_STRICT_OBJC_MSGSEND = YES;
				ENABLE_TESTABILITY = YES;
				GCC_C_LANGUAGE_STANDARD = gnu11;
				GCC_DYNAMIC_NO_PIC = NO;
				GCC_NO_COMMON_BLOCKS = YES;
				GCC_OPTIMIZATION_LEVEL = 0;
				GCC_PREPROCESSOR_DEFINITIONS = (
					"DEBUG=1",
					"$(inherited)",
				);
				GCC_WARN_64_TO_32_BIT_CONVERSION = YES;
				GCC_WARN_ABOUT_RETURN_TYPE = YES_ERROR;
				GCC_WARN_UNDECLARED_SELECTOR = YES;
				GCC_WARN_UNINITIALIZED_AUTOS = YES_AGGRESSIVE;
				GCC_WARN_UNUSED_FUNCTION = YES;
				GCC_WARN_UNUSED_VARIABLE = YES;
				IPHONEOS_DEPLOYMENT_TARGET = 16.4;
				MTL_ENABLE_DEBUG_INFO = INCLUDE_SOURCE;
				MTL_FAST_MATH = YES;
				ONLY_ACTIVE_ARCH = YES;
				SDKROOT = iphoneos;
				SWIFT_ACTIVE_COMPILATION_CONDITIONS = DEBUG;
				SWIFT_OPTIMIZATION_LEVEL = "-Onone";
			};
			name = Debug;
		};
		D4E5961B29EA489E00A56DAD /* Release */ = {
			isa = XCBuildConfiguration;
			buildSettings = {
				ALWAYS_SEARCH_USER_PATHS = NO;
				CLANG_ANALYZER_NONNULL = YES;
				CLANG_ANALYZER_NUMBER_OBJECT_CONVERSION = YES_AGGRESSIVE;
				CLANG_CXX_LANGUAGE_STANDARD = "gnu++20";
				CLANG_ENABLE_MODULES = YES;
				CLANG_ENABLE_OBJC_ARC = YES;
				CLANG_ENABLE_OBJC_WEAK = YES;
				CLANG_WARN_BLOCK_CAPTURE_AUTORELEASING = YES;
				CLANG_WARN_BOOL_CONVERSION = YES;
				CLANG_WARN_COMMA = YES;
				CLANG_WARN_CONSTANT_CONVERSION = YES;
				CLANG_WARN_DEPRECATED_OBJC_IMPLEMENTATIONS = YES;
				CLANG_WARN_DIRECT_OBJC_ISA_USAGE = YES_ERROR;
				CLANG_WARN_DOCUMENTATION_COMMENTS = YES;
				CLANG_WARN_EMPTY_BODY = YES;
				CLANG_WARN_ENUM_CONVERSION = YES;
				CLANG_WARN_INFINITE_RECURSION = YES;
				CLANG_WARN_INT_CONVERSION = YES;
				CLANG_WARN_NON_LITERAL_NULL_CONVERSION = YES;
				CLANG_WARN_OBJC_IMPLICIT_RETAIN_SELF = YES;
				CLANG_WARN_OBJC_LITERAL_CONVERSION = YES;
				CLANG_WARN_OBJC_ROOT_CLASS = YES_ERROR;
				CLANG_WARN_QUOTED_INCLUDE_IN_FRAMEWORK_HEADER = YES;
				CLANG_WARN_RANGE_LOOP_ANALYSIS = YES;
				CLANG_WARN_STRICT_PROTOTYPES = YES;
				CLANG_WARN_SUSPICIOUS_MOVE = YES;
				CLANG_WARN_UNGUARDED_AVAILABILITY = YES_AGGRESSIVE;
				CLANG_WARN_UNREACHABLE_CODE = YES;
				CLANG_WARN__DUPLICATE_METHOD_MATCH = YES;
				COPY_PHASE_STRIP = NO;
				DEBUG_INFORMATION_FORMAT = "dwarf-with-dsym";
				ENABLE_NS_ASSERTIONS = NO;
				ENABLE_STRICT_OBJC_MSGSEND = YES;
				GCC_C_LANGUAGE_STANDARD = gnu11;
				GCC_NO_COMMON_BLOCKS = YES;
				GCC_WARN_64_TO_32_BIT_CONVERSION = YES;
				GCC_WARN_ABOUT_RETURN_TYPE = YES_ERROR;
				GCC_WARN_UNDECLARED_SELECTOR = YES;
				GCC_WARN_UNINITIALIZED_AUTOS = YES_AGGRESSIVE;
				GCC_WARN_UNUSED_FUNCTION = YES;
				GCC_WARN_UNUSED_VARIABLE = YES;
				IPHONEOS_DEPLOYMENT_TARGET = 16.4;
				MTL_ENABLE_DEBUG_INFO = NO;
				MTL_FAST_MATH = YES;
				SDKROOT = iphoneos;
				SWIFT_COMPILATION_MODE = wholemodule;
				SWIFT_OPTIMIZATION_LEVEL = "-O";
				VALIDATE_PRODUCT = YES;
			};
			name = Release;
		};
		D4E5961D29EA489E00A56DAD /* Debug */ = {
			isa = XCBuildConfiguration;
			buildSettings = {
				ASSETCATALOG_COMPILER_APPICON_NAME = AppIcon;
				ASSETCATALOG_COMPILER_GLOBAL_ACCENT_COLOR_NAME = AccentColor;
				CODE_SIGN_STYLE = Automatic;
				CURRENT_PROJECT_VERSION = 1;
				GENERATE_INFOPLIST_FILE = YES;
				INFOPLIST_FILE = WeatherReport/Info.plist;
				INFOPLIST_KEY_UIApplicationSupportsIndirectInputEvents = YES;
				INFOPLIST_KEY_UILaunchStoryboardName = LaunchScreen;
				INFOPLIST_KEY_UIMainStoryboardFile = Main;
				INFOPLIST_KEY_UISupportedInterfaceOrientations_iPad = "UIInterfaceOrientationPortrait UIInterfaceOrientationPortraitUpsideDown UIInterfaceOrientationLandscapeLeft UIInterfaceOrientationLandscapeRight";
				INFOPLIST_KEY_UISupportedInterfaceOrientations_iPhone = "UIInterfaceOrientationPortrait UIInterfaceOrientationLandscapeLeft UIInterfaceOrientationLandscapeRight";
				LD_RUNPATH_SEARCH_PATHS = (
					"$(inherited)",
					"@executable_path/Frameworks",
				);
				MARKETING_VERSION = 1.0;
				PRODUCT_BUNDLE_IDENTIFIER = test.com.WeatherReport;
				PRODUCT_NAME = "$(TARGET_NAME)";
				SWIFT_EMIT_LOC_STRINGS = YES;
				SWIFT_VERSION = 5.0;
				TARGETED_DEVICE_FAMILY = "1,2";
			};
			name = Debug;
		};
		D4E5961E29EA489E00A56DAD /* Release */ = {
			isa = XCBuildConfiguration;
			buildSettings = {
				ASSETCATALOG_COMPILER_APPICON_NAME = AppIcon;
				ASSETCATALOG_COMPILER_GLOBAL_ACCENT_COLOR_NAME = AccentColor;
				CODE_SIGN_STYLE = Automatic;
				CURRENT_PROJECT_VERSION = 1;
				GENERATE_INFOPLIST_FILE = YES;
				INFOPLIST_FILE = WeatherReport/Info.plist;
				INFOPLIST_KEY_UIApplicationSupportsIndirectInputEvents = YES;
				INFOPLIST_KEY_UILaunchStoryboardName = LaunchScreen;
				INFOPLIST_KEY_UIMainStoryboardFile = Main;
				INFOPLIST_KEY_UISupportedInterfaceOrientations_iPad = "UIInterfaceOrientationPortrait UIInterfaceOrientationPortraitUpsideDown UIInterfaceOrientationLandscapeLeft UIInterfaceOrientationLandscapeRight";
				INFOPLIST_KEY_UISupportedInterfaceOrientations_iPhone = "UIInterfaceOrientationPortrait UIInterfaceOrientationLandscapeLeft UIInterfaceOrientationLandscapeRight";
				LD_RUNPATH_SEARCH_PATHS = (
					"$(inherited)",
					"@executable_path/Frameworks",
				);
				MARKETING_VERSION = 1.0;
				PRODUCT_BUNDLE_IDENTIFIER = test.com.WeatherReport;
				PRODUCT_NAME = "$(TARGET_NAME)";
				SWIFT_EMIT_LOC_STRINGS = YES;
				SWIFT_VERSION = 5.0;
				TARGETED_DEVICE_FAMILY = "1,2";
			};
			name = Release;
		};
/* End XCBuildConfiguration section */

/* Begin XCConfigurationList section */
		D4E5960329EA489900A56DAD /* Build configuration list for PBXProject "WeatherReport" */ = {
			isa = XCConfigurationList;
			buildConfigurations = (
				D4E5961A29EA489E00A56DAD /* Debug */,
				D4E5961B29EA489E00A56DAD /* Release */,
			);
			defaultConfigurationIsVisible = 0;
			defaultConfigurationName = Release;
		};
		D4E5961C29EA489E00A56DAD /* Build configuration list for PBXNativeTarget "WeatherReport" */ = {
			isa = XCConfigurationList;
			buildConfigurations = (
				D4E5961D29EA489E00A56DAD /* Debug */,
				D4E5961E29EA489E00A56DAD /* Release */,
			);
			defaultConfigurationIsVisible = 0;
			defaultConfigurationName = Release;
		};
/* End XCConfigurationList section */
	};
	rootObject = D4E5960029EA489900A56DAD /* Project object */;
}
